
Microsoft Visual Studio Solution File, Format Version 12.00
# Visual Studio Version 16
VisualStudioVersion = 16.0.31005.135
MinimumVisualStudioVersion = 10.0.40219.1
Project("{FAE04EC0-301F-11D3-BF4B-00C04F79EFBC}") = "MCEE Manager v 1.0", "MCEE Manager v 1.0.csproj", "{5C110F69-FECD-42CD-ADEB-7C02449D35A6}"
EndProject
Global
	GlobalSection(SolutionConfigurationPlatforms) = preSolution
		Debug|Any CPU = Debug|Any CPU
		Release|Any CPU = Release|Any CPU
	EndGlobalSection
	GlobalSection(ProjectConfigurationPlatforms) = postSolution
		{5C110F69-FECD-42CD-ADEB-7C02449D35A6}.Debug|Any CPU.ActiveCfg = Debug|Any CPU
		{5C110F69-FECD-42CD-ADEB-7C02449D35A6}.Debug|Any CPU.Build.0 = Debug|Any CPU
		{5C110F69-FECD-42CD-ADEB-7C02449D35A6}.Release|Any CPU.ActiveCfg = Release|Any CPU
		{5C110F69-FECD-42CD-ADEB-7C02449D35A6}.Release|Any CPU.Build.0 = Release|Any CPU
	EndGlobalSection
	GlobalSection(SolutionProperties) = preSolution
		HideSolutionNode = FALSE
	EndGlobalSection
	GlobalSection(ExtensibilityGlobals) = postSolution
		SolutionGuid = {BF45C630-8A9A-4783-868B-8FE297252D40}
	EndGlobalSection
EndGlobal
